
Microsoft Visual Studio Solution File, Format Version 12.00
# Visual Studio Version 17
VisualStudioVersion = 17.4.33205.214
MinimumVisualStudioVersion = 10.0.40219.1
Project("{9A19103F-16F7-4668-BE54-9A1E7A4F7556}") = "PetSafeWeb", "PetSafeWeb\PetSafeWeb.csproj", "{BC7871D1-F9C3-424D-BAA7-53C7558AC5B1}"
	ProjectSection(ProjectDependencies) = postProject
		{73295B8D-5955-4F5E-8CB9-B79E4417F0DB} = {73295B8D-5955-4F5E-8CB9-B79E4417F0DB}
	EndProjectSection
EndProject
Project("{FAE04EC0-301F-11D3-BF4B-00C04F79EFBC}") = "ClassLibrary1", "ClassLibrary1\ClassLibrary1.csproj", "{73295B8D-5955-4F5E-8CB9-B79E4417F0DB}"
EndProject
Global
	GlobalSection(SolutionConfigurationPlatforms) = preSolution
		Debug|Any CPU = Debug|Any CPU
		Release|Any CPU = Release|Any CPU
	EndGlobalSection
	GlobalSection(ProjectConfigurationPlatforms) = postSolution
		{BC7871D1-F9C3-424D-BAA7-53C7558AC5B1}.Debug|Any CPU.ActiveCfg = Debug|Any CPU
		{BC7871D1-F9C3-424D-BAA7-53C7558AC5B1}.Debug|Any CPU.Build.0 = Debug|Any CPU
		{BC7871D1-F9C3-424D-BAA7-53C7558AC5B1}.Release|Any CPU.ActiveCfg = Release|Any CPU
		{BC7871D1-F9C3-424D-BAA7-53C7558AC5B1}.Release|Any CPU.Build.0 = Release|Any CPU
		{73295B8D-5955-4F5E-8CB9-B79E4417F0DB}.Debug|Any CPU.ActiveCfg = Debug|Any CPU
		{73295B8D-5955-4F5E-8CB9-B79E4417F0DB}.Debug|Any CPU.Build.0 = Debug|Any CPU
		{73295B8D-5955-4F5E-8CB9-B79E4417F0DB}.Release|Any CPU.ActiveCfg = Release|Any CPU
		{73295B8D-5955-4F5E-8CB9-B79E4417F0DB}.Release|Any CPU.Build.0 = Release|Any CPU
	EndGlobalSection
	GlobalSection(SolutionProperties) = preSolution
		HideSolutionNode = FALSE
	EndGlobalSection
	GlobalSection(ExtensibilityGlobals) = postSolution
		SolutionGuid = {712BCCA6-524B-48C7-9DBB-F2F40A2AF6FA}
	EndGlobalSection
EndGlobal
